
Microsoft Visual Studio Solution File, Format Version 12.00
# Visual Studio Version 17
VisualStudioVersion = 17.3.32825.248
MinimumVisualStudioVersion = 10.0.40219.1
Project("{FAE04EC0-301F-11D3-BF4B-00C04F79EFBC}") = "BrmmSlim", "BrmmSlim\BrmmSlim.csproj", "{CAD0557C-A6BC-4F94-AA37-834372C5280E}"
EndProject
Project("{54435603-DBB4-11D2-8724-00A0C9A8B90C}") = "BrmmSetup", "BrmmSetup\BrmmSetup.vdproj", "{0EFF26DF-AEDF-4FE6-8C8A-7D25603A4DB8}"
EndProject
Global
	GlobalSection(SolutionConfigurationPlatforms) = preSolution
		Debug|Any CPU = Debug|Any CPU
		Release|Any CPU = Release|Any CPU
	EndGlobalSection
	GlobalSection(ProjectConfigurationPlatforms) = postSolution
		{CAD0557C-A6BC-4F94-AA37-834372C5280E}.Debug|Any CPU.ActiveCfg = Debug|Any CPU
		{CAD0557C-A6BC-4F94-AA37-834372C5280E}.Debug|Any CPU.Build.0 = Debug|Any CPU
		{CAD0557C-A6BC-4F94-AA37-834372C5280E}.Release|Any CPU.ActiveCfg = Release|Any CPU
		{CAD0557C-A6BC-4F94-AA37-834372C5280E}.Release|Any CPU.Build.0 = Release|Any CPU
		{0EFF26DF-AEDF-4FE6-8C8A-7D25603A4DB8}.Debug|Any CPU.ActiveCfg = Debug
		{0EFF26DF-AEDF-4FE6-8C8A-7D25603A4DB8}.Release|Any CPU.ActiveCfg = Release
	EndGlobalSection
	GlobalSection(SolutionProperties) = preSolution
		HideSolutionNode = FALSE
	EndGlobalSection
	GlobalSection(ExtensibilityGlobals) = postSolution
		SolutionGuid = {07A8B72C-C1CE-499B-9FC7-46892E4070F1}
	EndGlobalSection
EndGlobal
